// !$*UTF8*$!
{
	archiveVersion = 1;
	classes = {
	};
	objectVersion = 56;
	objects = {

/* Begin PBXBuildFile section */
		E546B26E2B24A1E80026A9EF /* Chapter2ViewController.swift in Sources */ = {isa = PBXBuildFile; fileRef = E546B26D2B24A1E80026A9EF /* Chapter2ViewController.swift */; };
		E546B2702B24A1FD0026A9EF /* Chapter2Scene.swift in Sources */ = {isa = PBXBuildFile; fileRef = E546B26F2B24A1FD0026A9EF /* Chapter2Scene.swift */; };
		E546B2722B24A46B0026A9EF /* Chapter2Scene.sks in Resources */ = {isa = PBXBuildFile; fileRef = E546B2712B24A46B0026A9EF /* Chapter2Scene.sks */; };
		E546B2752B24B4970026A9EF /* GameSprite.swift in Sources */ = {isa = PBXBuildFile; fileRef = E546B2742B24B4970026A9EF /* GameSprite.swift */; };
		E546B2772B24B4DD0026A9EF /* Bee.swift in Sources */ = {isa = PBXBuildFile; fileRef = E546B2762B24B4DD0026A9EF /* Bee.swift */; };
		E546B2792B24B6180026A9EF /* Chapter3ViewController.swift in Sources */ = {isa = PBXBuildFile; fileRef = E546B2782B24B6180026A9EF /* Chapter3ViewController.swift */; };
		E546B27B2B24B6210026A9EF /* Chapter3Scene.swift in Sources */ = {isa = PBXBuildFile; fileRef = E546B27A2B24B6210026A9EF /* Chapter3Scene.swift */; };
		E546B27D2B24B6600026A9EF /* Chapter3Scene.sks in Resources */ = {isa = PBXBuildFile; fileRef = E546B27C2B24B6600026A9EF /* Chapter3Scene.sks */; };
		E559308F2B2089CB007A6C61 /* AppDelegate.swift in Sources */ = {isa = PBXBuildFile; fileRef = E559308E2B2089CB007A6C61 /* AppDelegate.swift */; };
		E55930912B2089CB007A6C61 /* GameScene.sks in Resources */ = {isa = PBXBuildFile; fileRef = E55930902B2089CB007A6C61 /* GameScene.sks */; };
		E55930932B2089CB007A6C61 /* Actions.sks in Resources */ = {isa = PBXBuildFile; fileRef = E55930922B2089CB007A6C61 /* Actions.sks */; };
		E55930952B2089CB007A6C61 /* GameScene.swift in Sources */ = {isa = PBXBuildFile; fileRef = E55930942B2089CB007A6C61 /* GameScene.swift */; };
		E55930972B2089CB007A6C61 /* GameViewController.swift in Sources */ = {isa = PBXBuildFile; fileRef = E55930962B2089CB007A6C61 /* GameViewController.swift */; };
		E559309A2B2089CB007A6C61 /* Main.storyboard in Resources */ = {isa = PBXBuildFile; fileRef = E55930982B2089CB007A6C61 /* Main.storyboard */; };
		E559309C2B2089CD007A6C61 /* Assets.xcassets in Resources */ = {isa = PBXBuildFile; fileRef = E559309B2B2089CD007A6C61 /* Assets.xcassets */; };
		E559309F2B2089CD007A6C61 /* LaunchScreen.storyboard in Resources */ = {isa = PBXBuildFile; fileRef = E559309D2B2089CD007A6C61 /* LaunchScreen.storyboard */; };
/* End PBXBuildFile section */

/* Begin PBXFileReference section */
		E546B26D2B24A1E80026A9EF /* Chapter2ViewController.swift */ = {isa = PBXFileReference; lastKnownFileType = sourcecode.swift; path = Chapter2ViewController.swift; sourceTree = "<group>"; };
		E546B26F2B24A1FD0026A9EF /* Chapter2Scene.swift */ = {isa = PBXFileReference; lastKnownFileType = sourcecode.swift; path = Chapter2Scene.swift; sourceTree = "<group>"; };
		E546B2712B24A46B0026A9EF /* Chapter2Scene.sks */ = {isa = PBXFileReference; lastKnownFileType = file.sks; path = Chapter2Scene.sks; sourceTree = "<group>"; };
		E546B2742B24B4970026A9EF /* GameSprite.swift */ = {isa = PBXFileReference; lastKnownFileType = sourcecode.swift; path = GameSprite.swift; sourceTree = "<group>"; };
		E546B2762B24B4DD0026A9EF /* Bee.swift */ = {isa = PBXFileReference; lastKnownFileType = sourcecode.swift; path = Bee.swift; sourceTree = "<group>"; };
		E546B2782B24B6180026A9EF /* Chapter3ViewController.swift */ = {isa = PBXFileReference; lastKnownFileType = sourcecode.swift; path = Chapter3ViewController.swift; sourceTree = "<group>"; };
		E546B27A2B24B6210026A9EF /* Chapter3Scene.swift */ = {isa = PBXFileReference; lastKnownFileType = sourcecode.swift; path = Chapter3Scene.swift; sourceTree = "<group>"; };
		E546B27C2B24B6600026A9EF /* Chapter3Scene.sks */ = {isa = PBXFileReference; lastKnownFileType = file.sks; path = Chapter3Scene.sks; sourceTree = "<group>"; };
		E559308B2B2089CB007A6C61 /* SpriteKitStudy.app */ = {isa = PBXFileReference; explicitFileType = wrapper.application; includeInIndex = 0; path = SpriteKitStudy.app; sourceTree = BUILT_PRODUCTS_DIR; };
		E559308E2B2089CB007A6C61 /* AppDelegate.swift */ = {isa = PBXFileReference; lastKnownFileType = sourcecode.swift; path = AppDelegate.swift; sourceTree = "<group>"; };
		E55930902B2089CB007A6C61 /* GameScene.sks */ = {isa = PBXFileReference; lastKnownFileType = file.sks; path = GameScene.sks; sourceTree = "<group>"; };
		E55930922B2089CB007A6C61 /* Actions.sks */ = {isa = PBXFileReference; lastKnownFileType = file.sks; path = Actions.sks; sourceTree = "<group>"; };
		E55930942B2089CB007A6C61 /* GameScene.swift */ = {isa = PBXFileReference; lastKnownFileType = sourcecode.swift; path = GameScene.swift; sourceTree = "<group>"; };
		E55930962B2089CB007A6C61 /* GameViewController.swift */ = {isa = PBXFileReference; lastKnownFileType = sourcecode.swift; path = GameViewController.swift; sourceTree = "<group>"; };
		E55930992B2089CB007A6C61 /* Base */ = {isa = PBXFileReference; lastKnownFileType = file.storyboard; name = Base; path = Base.lproj/Main.storyboard; sourceTree = "<group>"; };
		E559309B2B2089CD007A6C61 /* Assets.xcassets */ = {isa = PBXFileReference; lastKnownFileType = folder.assetcatalog; path = Assets.xcassets; sourceTree = "<group>"; };
		E559309E2B2089CD007A6C61 /* Base */ = {isa = PBXFileReference; lastKnownFileType = file.storyboard; name = Base; path = Base.lproj/LaunchScreen.storyboard; sourceTree = "<group>"; };
/* End PBXFileReference section */

/* Begin PBXFrameworksBuildPhase section */
		E55930882B2089CB007A6C61 /* Frameworks */ = {
			isa = PBXFrameworksBuildPhase;
			buildActionMask = 2147483647;
			files = (
			);
			runOnlyForDeploymentPostprocessing = 0;
		};
/* End PBXFrameworksBuildPhase section */

/* Begin PBXGroup section */
		E546B26B2B24A1980026A9EF /* Chapter 1 */ = {
			isa = PBXGroup;
			children = (
				E55930902B2089CB007A6C61 /* GameScene.sks */,
				E55930942B2089CB007A6C61 /* GameScene.swift */,
				E55930962B2089CB007A6C61 /* GameViewController.swift */,
			);
			path = "Chapter 1";
			sourceTree = "<group>";
		};
		E546B26C2B24A1CE0026A9EF /* Chapter 2 */ = {
			isa = PBXGroup;
			children = (
				E546B2712B24A46B0026A9EF /* Chapter2Scene.sks */,
				E546B26D2B24A1E80026A9EF /* Chapter2ViewController.swift */,
				E546B26F2B24A1FD0026A9EF /* Chapter2Scene.swift */,
			);
			path = "Chapter 2";
			sourceTree = "<group>";
		};
		E546B2732B24B4850026A9EF /* Chapter 3 */ = {
			isa = PBXGroup;
			children = (
				E546B2742B24B4970026A9EF /* GameSprite.swift */,
				E546B2762B24B4DD0026A9EF /* Bee.swift */,
				E546B2782B24B6180026A9EF /* Chapter3ViewController.swift */,
				E546B27A2B24B6210026A9EF /* Chapter3Scene.swift */,
				E546B27C2B24B6600026A9EF /* Chapter3Scene.sks */,
			);
			path = "Chapter 3";
			sourceTree = "<group>";
		};
		E55930822B2089CB007A6C61 = {
			isa = PBXGroup;
			children = (
				E559308D2B2089CB007A6C61 /* SpriteKitStudy */,
				E559308C2B2089CB007A6C61 /* Products */,
			);
			sourceTree = "<group>";
		};
		E559308C2B2089CB007A6C61 /* Products */ = {
			isa = PBXGroup;
			children = (
				E559308B2B2089CB007A6C61 /* SpriteKitStudy.app */,
			);
			name = Products;
			sourceTree = "<group>";
		};
		E559308D2B2089CB007A6C61 /* SpriteKitStudy */ = {
			isa = PBXGroup;
			children = (
				E559308E2B2089CB007A6C61 /* AppDelegate.swift */,
				E55930922B2089CB007A6C61 /* Actions.sks */,
				E546B2732B24B4850026A9EF /* Chapter 3 */,
				E546B26C2B24A1CE0026A9EF /* Chapter 2 */,
				E546B26B2B24A1980026A9EF /* Chapter 1 */,
				E55930982B2089CB007A6C61 /* Main.storyboard */,
				E559309B2B2089CD007A6C61 /* Assets.xcassets */,
				E559309D2B2089CD007A6C61 /* LaunchScreen.storyboard */,
			);
			path = SpriteKitStudy;
			sourceTree = "<group>";
		};
/* End PBXGroup section */

/* Begin PBXNativeTarget section */
		E559308A2B2089CB007A6C61 /* SpriteKitStudy */ = {
			isa = PBXNativeTarget;
			buildConfigurationList = E55930A22B2089CD007A6C61 /* Build configuration list for PBXNativeTarget "SpriteKitStudy" */;
			buildPhases = (
				E55930872B2089CB007A6C61 /* Sources */,
				E55930882B2089CB007A6C61 /* Frameworks */,
				E55930892B2089CB007A6C61 /* Resources */,
			);
			buildRules = (
			);
			dependencies = (
			);
			name = SpriteKitStudy;
			productName = SpriteKitStudy;
			productReference = E559308B2B2089CB007A6C61 /* SpriteKitStudy.app */;
			productType = "com.apple.product-type.application";
		};
/* End PBXNativeTarget section */

/* Begin PBXProject section */
		E55930832B2089CB007A6C61 /* Project object */ = {
			isa = PBXProject;
			attributes = {
				BuildIndependentTargetsInParallel = 1;
				LastSwiftUpdateCheck = 1500;
				LastUpgradeCheck = 1500;
				TargetAttributes = {
					E559308A2B2089CB007A6C61 = {
						CreatedOnToolsVersion = 15.0.1;
					};
				};
			};
			buildConfigurationList = E55930862B2089CB007A6C61 /* Build configuration list for PBXProject "SpriteKitStudy" */;
			compatibilityVersion = "Xcode 14.0";
			developmentRegion = en;
			hasScannedForEncodings = 0;
			knownRegions = (
				en,
				Base,
			);
			mainGroup = E55930822B2089CB007A6C61;
			productRefGroup = E559308C2B2089CB007A6C61 /* Products */;
			projectDirPath = "";
			projectRoot = "";
			targets = (
				E559308A2B2089CB007A6C61 /* SpriteKitStudy */,
			);
		};
/* End PBXProject section */

/* Begin PBXResourcesBuildPhase section */
		E55930892B2089CB007A6C61 /* Resources */ = {
			isa = PBXResourcesBuildPhase;
			buildActionMask = 2147483647;
			files = (
				E559309A2B2089CB007A6C61 /* Main.storyboard in Resources */,
				E546B2722B24A46B0026A9EF /* Chapter2Scene.sks in Resources */,
				E55930912B2089CB007A6C61 /* GameScene.sks in Resources */,
				E559309C2B2089CD007A6C61 /* Assets.xcassets in Resources */,
				E559309F2B2089CD007A6C61 /* LaunchScreen.storyboard in Resources */,
				E546B27D2B24B6600026A9EF /* Chapter3Scene.sks in Resources */,
				E55930932B2089CB007A6C61 /* Actions.sks in Resources */,
			);
			runOnlyForDeploymentPostprocessing = 0;
		};
/* End PBXResourcesBuildPhase section */

/* Begin PBXSourcesBuildPhase section */
		E55930872B2089CB007A6C61 /* Sources */ = {
			isa = PBXSourcesBuildPhase;
			buildActionMask = 2147483647;
			files = (
				E546B2792B24B6180026A9EF /* Chapter3ViewController.swift in Sources */,
				E55930952B2089CB007A6C61 /* GameScene.swift in Sources */,
				E546B2772B24B4DD0026A9EF /* Bee.swift in Sources */,
				E546B2702B24A1FD0026A9EF /* Chapter2Scene.swift in Sources */,
				E546B2752B24B4970026A9EF /* GameSprite.swift in Sources */,
				E546B27B2B24B6210026A9EF /* Chapter3Scene.swift in Sources */,
				E55930972B2089CB007A6C61 /* GameViewController.swift in Sources */,
				E559308F2B2089CB007A6C61 /* AppDelegate.swift in Sources */,
				E546B26E2B24A1E80026A9EF /* Chapter2ViewController.swift in Sources */,
			);
			runOnlyForDeploymentPostprocessing = 0;
		};
/* End PBXSourcesBuildPhase section */

/* Begin PBXVariantGroup section */
		E55930982B2089CB007A6C61 /* Main.storyboard */ = {
			isa = PBXVariantGroup;
			children = (
				E55930992B2089CB007A6C61 /* Base */,
			);
			name = Main.storyboard;
			sourceTree = "<group>";
		};
		E559309D2B2089CD007A6C61 /* LaunchScreen.storyboard */ = {
			isa = PBXVariantGroup;
			children = (
				E559309E2B2089CD007A6C61 /* Base */,
			);
			name = LaunchScreen.storyboard;
			sourceTree = "<group>";
		};
/* End PBXVariantGroup section */

/* Begin XCBuildConfiguration section */
		E55930A02B2089CD007A6C61 /* Debug */ = {
			isa = XCBuildConfiguration;
			buildSettings = {
				ALWAYS_SEARCH_USER_PATHS = NO;
				ASSETCATALOG_COMPILER_GENERATE_SWIFT_ASSET_SYMBOL_EXTENSIONS = YES;
				CLANG_ANALYZER_NONNULL = YES;
				CLANG_ANALYZER_NUMBER_OBJECT_CONVERSION = YES_AGGRESSIVE;
				CLANG_CXX_LANGUAGE_STANDARD = "gnu++20";
				CLANG_ENABLE_MODULES = YES;
				CLANG_ENABLE_OBJC_ARC = YES;
				CLANG_ENABLE_OBJC_WEAK = YES;
				CLANG_WARN_BLOCK_CAPTURE_AUTORELEASING = YES;
				CLANG_WARN_BOOL_CONVERSION = YES;
				CLANG_WARN_COMMA = YES;
				CLANG_WARN_CONSTANT_CONVERSION = YES;
				CLANG_WARN_DEPRECATED_OBJC_IMPLEMENTATIONS = YES;
				CLANG_WARN_DIRECT_OBJC_ISA_USAGE = YES_ERROR;
				CLANG_WARN_DOCUMENTATION_COMMENTS = YES;
				CLANG_WARN_EMPTY_BODY = YES;
				CLANG_WARN_ENUM_CONVERSION = YES;
				CLANG_WARN_INFINITE_RECURSION = YES;
				CLANG_WARN_INT_CONVERSION = YES;
				CLANG_WARN_NON_LITERAL_NULL_CONVERSION = YES;
				CLANG_WARN_OBJC_IMPLICIT_RETAIN_SELF = YES;
				CLANG_WARN_OBJC_LITERAL_CONVERSION = YES;
				CLANG_WARN_OBJC_ROOT_CLASS = YES_ERROR;
				CLANG_WARN_QUOTED_INCLUDE_IN_FRAMEWORK_HEADER = YES;
				CLANG_WARN_RANGE_LOOP_ANALYSIS = YES;
				CLANG_WARN_STRICT_PROTOTYPES = YES;
				CLANG_WARN_SUSPICIOUS_MOVE = YES;
				CLANG_WARN_UNGUARDED_AVAILABILITY = YES_AGGRESSIVE;
				CLANG_WARN_UNREACHABLE_CODE = YES;
				CLANG_WARN__DUPLICATE_METHOD_MATCH = YES;
				COPY_PHASE_STRIP = NO;
				DEBUG_INFORMATION_FORMAT = dwarf;
				ENABLE_STRICT_OBJC_MSGSEND = YES;
				ENABLE_TESTABILITY = YES;
				ENABLE_USER_SCRIPT_SANDBOXING = YES;
				GCC_C_LANGUAGE_STANDARD = gnu17;
				GCC_DYNAMIC_NO_PIC = NO;
				GCC_NO_COMMON_BLOCKS = YES;
				GCC_OPTIMIZATION_LEVEL = 0;
				GCC_PREPROCESSOR_DEFINITIONS = (
					"DEBUG=1",
					"$(inherited)",
				);
				GCC_WARN_64_TO_32_BIT_CONVERSION = YES;
				GCC_WARN_ABOUT_RETURN_TYPE = YES_ERROR;
				GCC_WARN_UNDECLARED_SELECTOR = YES;
				GCC_WARN_UNINITIALIZED_AUTOS = YES_AGGRESSIVE;
				GCC_WARN_UNUSED_FUNCTION = YES;
				GCC_WARN_UNUSED_VARIABLE = YES;
				IPHONEOS_DEPLOYMENT_TARGET = 17.0;
				LOCALIZATION_PREFERS_STRING_CATALOGS = YES;
				MTL_ENABLE_DEBUG_INFO = INCLUDE_SOURCE;
				MTL_FAST_MATH = YES;
				ONLY_ACTIVE_ARCH = YES;
				SDKROOT = iphoneos;
				SWIFT_ACTIVE_COMPILATION_CONDITIONS = "DEBUG $(inherited)";
				SWIFT_OPTIMIZATION_LEVEL = "-Onone";
			};
			name = Debug;
		};
		E55930A12B2089CD007A6C61 /* Release */ = {
			isa = XCBuildConfiguration;
			buildSettings = {
				ALWAYS_SEARCH_USER_PATHS = NO;
				ASSETCATALOG_COMPILER_GENERATE_SWIFT_ASSET_SYMBOL_EXTENSIONS = YES;
				CLANG_ANALYZER_NONNULL = YES;
				CLANG_ANALYZER_NUMBER_OBJECT_CONVERSION = YES_AGGRESSIVE;
				CLANG_CXX_LANGUAGE_STANDARD = "gnu++20";
				CLANG_ENABLE_MODULES = YES;
				CLANG_ENABLE_OBJC_ARC = YES;
				CLANG_ENABLE_OBJC_WEAK = YES;
				CLANG_WARN_BLOCK_CAPTURE_AUTORELEASING = YES;
				CLANG_WARN_BOOL_CONVERSION = YES;
				CLANG_WARN_COMMA = YES;
				CLANG_WARN_CONSTANT_CONVERSION = YES;
				CLANG_WARN_DEPRECATED_OBJC_IMPLEMENTATIONS = YES;
				CLANG_WARN_DIRECT_OBJC_ISA_USAGE = YES_ERROR;
				CLANG_WARN_DOCUMENTATION_COMMENTS = YES;
				CLANG_WARN_EMPTY_BODY = YES;
				CLANG_WARN_ENUM_CONVERSION = YES;
				CLANG_WARN_INFINITE_RECURSION = YES;
				CLANG_WARN_INT_CONVERSION = YES;
				CLANG_WARN_NON_LITERAL_NULL_CONVERSION = YES;
				CLANG_WARN_OBJC_IMPLICIT_RETAIN_SELF = YES;
				CLANG_WARN_OBJC_LITERAL_CONVERSION = YES;
				CLANG_WARN_OBJC_ROOT_CLASS = YES_ERROR;
				CLANG_WARN_QUOTED_INCLUDE_IN_FRAMEWORK_HEADER = YES;
				CLANG_WARN_RANGE_LOOP_ANALYSIS = YES;
				CLANG_WARN_STRICT_PROTOTYPES = YES;
				CLANG_WARN_SUSPICIOUS_MOVE = YES;
				CLANG_WARN_UNGUARDED_AVAILABILITY = YES_AGGRESSIVE;
				CLANG_WARN_UNREACHABLE_CODE = YES;
				CLANG_WARN__DUPLICATE_METHOD_MATCH = YES;
				COPY_PHASE_STRIP = NO;
				DEBUG_INFORMATION_FORMAT = "dwarf-with-dsym";
				ENABLE_NS_ASSERTIONS = NO;
				ENABLE_STRICT_OBJC_MSGSEND = YES;
				ENABLE_USER_SCRIPT_SANDBOXING = YES;
				GCC_C_LANGUAGE_STANDARD = gnu17;
				GCC_NO_COMMON_BLOCKS = YES;
				GCC_WARN_64_TO_32_BIT_CONVERSION = YES;
				GCC_WARN_ABOUT_RETURN_TYPE = YES_ERROR;
				GCC_WARN_UNDECLARED_SELECTOR = YES;
				GCC_WARN_UNINITIALIZED_AUTOS = YES_AGGRESSIVE;
				GCC_WARN_UNUSED_FUNCTION = YES;
				GCC_WARN_UNUSED_VARIABLE = YES;
				IPHONEOS_DEPLOYMENT_TARGET = 17.0;
				LOCALIZATION_PREFERS_STRING_CATALOGS = YES;
				MTL_ENABLE_DEBUG_INFO = NO;
				MTL_FAST_MATH = YES;
				SDKROOT = iphoneos;
				SWIFT_COMPILATION_MODE = wholemodule;
				VALIDATE_PRODUCT = YES;
			};
			name = Release;
		};
		E55930A32B2089CD007A6C61 /* Debug */ = {
			isa = XCBuildConfiguration;
			buildSettings = {
				ASSETCATALOG_COMPILER_APPICON_NAME = AppIcon;
				ASSETCATALOG_COMPILER_GLOBAL_ACCENT_COLOR_NAME = AccentColor;
				CODE_SIGN_STYLE = Automatic;
				CURRENT_PROJECT_VERSION = 1;
				DEVELOPMENT_TEAM = Y7YQUS95SK;
				GENERATE_INFOPLIST_FILE = YES;
				INFOPLIST_KEY_UIApplicationSupportsIndirectInputEvents = YES;
				INFOPLIST_KEY_UILaunchStoryboardName = LaunchScreen;
				INFOPLIST_KEY_UIMainStoryboardFile = Main;
				INFOPLIST_KEY_UIStatusBarHidden = YES;
				INFOPLIST_KEY_UISupportedInterfaceOrientations = "UIInterfaceOrientationLandscapeLeft UIInterfaceOrientationLandscapeRight";
				LD_RUNPATH_SEARCH_PATHS = (
					"$(inherited)",
					"@executable_path/Frameworks",
				);
				MARKETING_VERSION = 1.0;
				PRODUCT_BUNDLE_IDENTIFIER = com.swiftman.SpriteKitStudy;
				PRODUCT_NAME = "$(TARGET_NAME)";
				SWIFT_EMIT_LOC_STRINGS = YES;
				SWIFT_VERSION = 5.0;
				TARGETED_DEVICE_FAMILY = "1,2";
			};
			name = Debug;
		};
		E55930A42B2089CD007A6C61 /* Release */ = {
			isa = XCBuildConfiguration;
			buildSettings = {
				ASSETCATALOG_COMPILER_APPICON_NAME = AppIcon;
				ASSETCATALOG_COMPILER_GLOBAL_ACCENT_COLOR_NAME = AccentColor;
				CODE_SIGN_STYLE = Automatic;
				CURRENT_PROJECT_VERSION = 1;
				DEVELOPMENT_TEAM = Y7YQUS95SK;
				GENERATE_INFOPLIST_FILE = YES;
				INFOPLIST_KEY_UIApplicationSupportsIndirectInputEvents = YES;
				INFOPLIST_KEY_UILaunchStoryboardName = LaunchScreen;
				INFOPLIST_KEY_UIMainStoryboardFile = Main;
				INFOPLIST_KEY_UIStatusBarHidden = YES;
				INFOPLIST_KEY_UISupportedInterfaceOrientations = "UIInterfaceOrientationLandscapeLeft UIInterfaceOrientationLandscapeRight";
				LD_RUNPATH_SEARCH_PATHS = (
					"$(inherited)",
					"@executable_path/Frameworks",
				);
				MARKETING_VERSION = 1.0;
				PRODUCT_BUNDLE_IDENTIFIER = com.swiftman.SpriteKitStudy;
				PRODUCT_NAME = "$(TARGET_NAME)";
				SWIFT_EMIT_LOC_STRINGS = YES;
				SWIFT_VERSION = 5.0;
				TARGETED_DEVICE_FAMILY = "1,2";
			};
			name = Release;
		};
/* End XCBuildConfiguration section */

/* Begin XCConfigurationList section */
		E55930862B2089CB007A6C61 /* Build configuration list for PBXProject "SpriteKitStudy" */ = {
			isa = XCConfigurationList;
			buildConfigurations = (
				E55930A02B2089CD007A6C61 /* Debug */,
				E55930A12B2089CD007A6C61 /* Release */,
			);
			defaultConfigurationIsVisible = 0;
			defaultConfigurationName = Release;
		};
		E55930A22B2089CD007A6C61 /* Build configuration list for PBXNativeTarget "SpriteKitStudy" */ = {
			isa = XCConfigurationList;
			buildConfigurations = (
				E55930A32B2089CD007A6C61 /* Debug */,
				E55930A42B2089CD007A6C61 /* Release */,
			);
			defaultConfigurationIsVisible = 0;
			defaultConfigurationName = Release;
		};
/* End XCConfigurationList section */
	};
	rootObject = E55930832B2089CB007A6C61 /* Project object */;
}
